
Microsoft Visual Studio Solution File, Format Version 12.00
# Visual Studio Version 17
VisualStudioVersion = 17.11.35312.102
MinimumVisualStudioVersion = 10.0.40219.1
Project("{FAE04EC0-301F-11D3-BF4B-00C04F79EFBC}") = "Ecommerce Group Project", "Ecommerce Group Project.csproj", "{0911A232-DD85-4DE6-9E4B-C65C8A8B1090}"
EndProject
Global
	GlobalSection(SolutionConfigurationPlatforms) = preSolution
		Debug|Any CPU = Debug|Any CPU
		Release|Any CPU = Release|Any CPU
	EndGlobalSection
	GlobalSection(ProjectConfigurationPlatforms) = postSolution
		{0911A232-DD85-4DE6-9E4B-C65C8A8B1090}.Debug|Any CPU.ActiveCfg = Debug|Any CPU
		{0911A232-DD85-4DE6-9E4B-C65C8A8B1090}.Debug|Any CPU.Build.0 = Debug|Any CPU
		{0911A232-DD85-4DE6-9E4B-C65C8A8B1090}.Release|Any CPU.ActiveCfg = Release|Any CPU
		{0911A232-DD85-4DE6-9E4B-C65C8A8B1090}.Release|Any CPU.Build.0 = Release|Any CPU
	EndGlobalSection
	GlobalSection(SolutionProperties) = preSolution
		HideSolutionNode = FALSE
	EndGlobalSection
	GlobalSection(ExtensibilityGlobals) = postSolution
		SolutionGuid = {3460D575-F7AE-4520-B9D5-ED64F0761919}
	EndGlobalSection
EndGlobal
